{
  "name": "gdp-prediction-website",
  "lockfileVersion": 3,
  "requires": true,
  "packages": {
    "": {
      "name": "gdp-prediction-website",
      "version": "1.0.1",
      "dependencies": {
        "chart.js": "^4.4.8",
        "lodash": "^4.17.21",
        "moment": "^2.29.4"
      }
    },
    "node_modules/@kurkle/color": {
      "version": "0.3.4",
      "resolved": "https://registry.npmjs.org/@kurkle/color/-/color-0.3.4.tgz",
      "integrity": "sha512-M5UknZPHRu3DEDWoipU6sE8PdkZ6Z/S+v4dD+Ke8IaNlpdSQah50lz1KtcFBa2vsdOnwbbnxJwVM4wty6udA5w==",
      "license": "MIT"
    },
    "node_modules/chart.js": {
      "version": "4.4.8",
      "resolved": "https://registry.npmjs.org/chart.js/-/chart.js-4.4.8.tgz",
      "integrity": "sha512-IkGZlVpXP+83QpMm4uxEiGqSI7jFizwVtF3+n5Pc3k7sMO+tkd0qxh2OzLhenM0K80xtmAONWGBn082EiBQSDA==",
      "license": "MIT",
      "dependencies": {
        "@kurkle/color": "^0.3.0"
      },
      "engines": {
        "pnpm": ">=8"
      }
    },
    "node_modules/lodash": {
      "version": "4.17.21",
      "resolved": "https://registry.npmjs.org/lodash/-/lodash-4.17.21.tgz",
      "integrity": "sha512-v2kDEf1mKG6ZXUfhfKU7gQnnAjh/VfDd4w9lOlfvhFiOS1TMz94KPJXwXgYYhVfydBYP+H9BrPyWfNWJvwhCqQ==",
      "license": "MIT"
    },
    "node_modules/moment": {
      "version": "2.29.4",
      "resolved": "https://registry.npmjs.org/moment/-/moment-2.29.4.tgz",
      "integrity": "sha512-CphZUQCB2nkzIkH7JDOOtmTz6zok2dxXx5FAd9GBj82d3Rx8P0U8qwghJTDlgvkXmSeol5GrTYXgwnqK7xGTGA==",
      "license": "MIT"
    }
  }
}
